<?xml version="1.0" encoding="utf-8"?>
<Project ToolsVersion="4.0" xmlns="http://schemas.microsoft.com/developer/msbuild/2003">
  <ItemGroup>
    <Filter Include="Source Files">
      <UniqueIdentifier>{4FC737F1-C7A5-4376-A066-2A32D752A2FF}</UniqueIdentifier>
      <Extensions>cpp;c;cc;cxx;def;odl;idl;hpj;bat;asm;asmx</Extensions>
    </Filter>
    <Filter Include="Header Files">
      <UniqueIdentifier>{93995380-89BD-4b04-88EB-625FBE52EBFB}</UniqueIdentifier>
      <Extensions>h;hh;hpp;hxx;hm;inl;inc;xsd</Extensions>
    </Filter>
    <Filter Include="Resource Files">
      <UniqueIdentifier>{67DA6AB6-F800-4c08-8B7A-83BB121AAD01}</UniqueIdentifier>
      <Extensions>rc;ico;cur;bmp;dlg;rc2;rct;bin;rgs;gif;jpg;jpeg;jpe;resx;tiff;tif;png;wav;mfcribbon-ms</Extensions>
    </Filter>
    <Filter Include="Template Implementation">
      <UniqueIdentifier>{52d6d53b-094f-4743-a08e-98ee49d1e138}</UniqueIdentifier>
    </Filter>
  </ItemGroup>
  <ItemGroup>
    <Text Include="ReadMe.txt" />
  </ItemGroup>
  <ItemGroup>
    <ClInclude Include="LongIntegers.h">
      <Filter>Header Files</Filter>
    </ClInclude>
    <ClInclude Include="LongIntegersDlg.h">
      <Filter>Header Files</Filter>
    </ClInclude>
    <ClInclude Include="stdafx.h">
      <Filter>Header Files</Filter>
    </ClInclude>
    <ClInclude Include="targetver.h">
      <Filter>Header Files</Filter>
    </ClInclude>
    <ClInclude Include="Resource.h">
      <Filter>Header Files</Filter>
    </ClInclude>
    <ClInclude Include="LongInteger.h">
      <Filter>Header Files</Filter>
    </ClInclude>
    <ClInclude Include="QueueOfThreads.h">
      <Filter>Header Files</Filter>
    </ClInclude>
    <ClInclude Include="ReceiveUpdateClass.h">
      <Filter>Header Files</Filter>
    </ClInclude>
    <ClInclude Include="MyHardwareInfo.h">
      <Filter>Header Files</Filter>
    </ClInclude>
    <ClInclude Include="GeneralIntWrapper.h">
      <Filter>Header Files</Filter>
    </ClInclude>
    <ClInclude Include="ReceiveUpdateClass.hpp">
      <Filter>Template Implementation</Filter>
    </ClInclude>
    <ClInclude Include="GeneralIntWrapper.hpp">
      <Filter>Template Implementation</Filter>
    </ClInclude>
    <ClInclude Include="UtilityTypes.h">
      <Filter>Header Files</Filter>
    </ClInclude>
    <ClInclude Include="UtilityFunctions.h">
      <Filter>Header Files</Filter>
    </ClInclude>
    <ClInclude Include="PrimeSieve.h">
      <Filter>Header Files</Filter>
    </ClInclude>
    <ClInclude Include="PrimeSwing.h">
      <Filter>Header Files</Filter>
    </ClInclude>
  </ItemGroup>
  <ItemGroup>
    <ClCompile Include="LongIntegers.cpp">
      <Filter>Source Files</Filter>
    </ClCompile>
    <ClCompile Include="LongIntegersDlg.cpp">
      <Filter>Source Files</Filter>
    </ClCompile>
    <ClCompile Include="stdafx.cpp">
      <Filter>Source Files</Filter>
    </ClCompile>
    <ClCompile Include="LongInteger.cpp">
      <Filter>Source Files</Filter>
    </ClCompile>
    <ClCompile Include="MyHardwareInfo.cpp">
      <Filter>Source Files</Filter>
    </ClCompile>
    <ClCompile Include="PrimeSwing.cpp">
      <Filter>Source Files</Filter>
    </ClCompile>
    <ClCompile Include="UtilityFunctions.cpp">
      <Filter>Source Files</Filter>
    </ClCompile>
    <ClCompile Include="PrimeSieve.cpp">
      <Filter>Source Files</Filter>
    </ClCompile>
  </ItemGroup>
  <ItemGroup>
    <ResourceCompile Include="LongIntegers.rc">
      <Filter>Resource Files</Filter>
    </ResourceCompile>
  </ItemGroup>
  <ItemGroup>
    <None Include="res\LongIntegers.rc2">
      <Filter>Resource Files</Filter>
    </None>
    <None Include="QueueOfThreads.hpp">
      <Filter>Template Implementation</Filter>
    </None>
  </ItemGroup>
  <ItemGroup>
    <Image Include="res\LongIntegers.ico">
      <Filter>Resource Files</Filter>
    </Image>
  </ItemGroup>
</Project>